
Microsoft Visual Studio Solution File, Format Version 12.00
# Visual Studio Version 16
VisualStudioVersion = 16.0.30621.155
MinimumVisualStudioVersion = 10.0.40219.1
Project("{FAE04EC0-301F-11D3-BF4B-00C04F79EFBC}") = "CodingEvents", "CodingEvents\CodingEvents.csproj", "{CD6B8467-13A4-453A-BAB5-6A10FE272A5A}"
EndProject
Global
	GlobalSection(SolutionConfigurationPlatforms) = preSolution
		Debug|Any CPU = Debug|Any CPU
		Release|Any CPU = Release|Any CPU
	EndGlobalSection
	GlobalSection(ProjectConfigurationPlatforms) = postSolution
		{CD6B8467-13A4-453A-BAB5-6A10FE272A5A}.Debug|Any CPU.ActiveCfg = Debug|Any CPU
		{CD6B8467-13A4-453A-BAB5-6A10FE272A5A}.Debug|Any CPU.Build.0 = Debug|Any CPU
		{CD6B8467-13A4-453A-BAB5-6A10FE272A5A}.Release|Any CPU.ActiveCfg = Release|Any CPU
		{CD6B8467-13A4-453A-BAB5-6A10FE272A5A}.Release|Any CPU.Build.0 = Release|Any CPU
	EndGlobalSection
	GlobalSection(SolutionProperties) = preSolution
		HideSolutionNode = FALSE
	EndGlobalSection
	GlobalSection(ExtensibilityGlobals) = postSolution
		SolutionGuid = {C8C1D82B-F059-4AA9-945F-E71179B11FD9}
	EndGlobalSection
EndGlobal
